
Microsoft Visual Studio Solution File, Format Version 12.00
# Visual Studio Version 16
VisualStudioVersion = 16.0.31424.327
MinimumVisualStudioVersion = 10.0.40219.1
Project("{9A19103F-16F7-4668-BE54-9A1E7A4F7556}") = "Randomizer50", "Randomizer50\Randomizer50.csproj", "{10F428E6-0901-48D2-9DA5-F0C62F0B8C6E}"
EndProject
Global
	GlobalSection(SolutionConfigurationPlatforms) = preSolution
		Debug|Any CPU = Debug|Any CPU
		Release|Any CPU = Release|Any CPU
	EndGlobalSection
	GlobalSection(ProjectConfigurationPlatforms) = postSolution
		{10F428E6-0901-48D2-9DA5-F0C62F0B8C6E}.Debug|Any CPU.ActiveCfg = Debug|Any CPU
		{10F428E6-0901-48D2-9DA5-F0C62F0B8C6E}.Debug|Any CPU.Build.0 = Debug|Any CPU
		{10F428E6-0901-48D2-9DA5-F0C62F0B8C6E}.Release|Any CPU.ActiveCfg = Release|Any CPU
		{10F428E6-0901-48D2-9DA5-F0C62F0B8C6E}.Release|Any CPU.Build.0 = Release|Any CPU
	EndGlobalSection
	GlobalSection(SolutionProperties) = preSolution
		HideSolutionNode = FALSE
	EndGlobalSection
	GlobalSection(ExtensibilityGlobals) = postSolution
		SolutionGuid = {AEB01381-3DCE-40BE-A9F9-1B3627159412}
	EndGlobalSection
EndGlobal
